{
    "_meta": {
        "hash": {
            "sha256": "0e2dd0f09649e232378bbaab7049150567e09bf7a6182b57f39524517976f00d"
        },
        "pipfile-spec": 6,
        "requires": {
            "python_version": "3.12"
        },
        "sources": [
            {
                "name": "pypi",
                "url": "https://pypi.org/simple",
                "verify_ssl": true
            }
        ]
    },
    "default": {
        "blinker": {
            "hashes": [
                "sha256:b4ce2265a7abece45e7cc896e98dbebe6cead56bcf805a3d23136d145f5445bf",
                "sha256:ba0efaa9080b619ff2f3459d1d500c57bddea4a6b424b60a91141db6fd2f08bc"
            ],
            "markers": "python_version >= '3.9'",
            "version": "==1.9.0"
        },
        "click": {
            "hashes": [
                "sha256:12ff4785d337a1bb490bb7e9c2b1ee5da3112e94a8622f26a6c77f5d2fc6842a",
                "sha256:981153a64e25f12d547d3426c367a4857371575ee7ad18df2a6183ab0545b2a6"
            ],
            "markers": "python_version >= '3.10'",
            "version": "==8.3.1"
        },
        "flask": {
            "hashes": [
                "sha256:bf656c15c80190ed628ad08cdfd3aaa35beb087855e2f494910aa3774cc4fd87",
                "sha256:ca1d8112ec8a6158cc29ea4858963350011b5c846a414cdb7a954aa9e967d03c"
            ],
            "index": "pypi",
            "markers": "python_version >= '3.9'",
            "version": "==3.1.2"
        },
        "flask-sqlalchemy": {
            "hashes": [
                "sha256:4ba4be7f419dc72f4efd8802d69974803c37259dd42f3913b0dcf75c9447e0a0",
                "sha256:e4b68bb881802dda1a7d878b2fc84c06d1ee57fb40b874d3dc97dabfa36b8312"
            ],
            "index": "pypi",
            "markers": "python_version >= '3.8'",
            "version": "==3.1.1"
        },
        "greenlet": {
            "hashes": [
                "sha256:047ab3df20ede6a57c35c14bf5200fcf04039d50f908270d3f9a7a82064f543b",
                "sha256:087ea5e004437321508a8d6f20efc4cfec5e3c30118e1417ea96ed1d93950527",
                "sha256:0a5d554d0712ba1de0a6c94c640f7aeba3f85b3a6e1f2899c11c2c0428da9365",
                "sha256:2662433acbca297c9153a4023fe2161c8dcfdcc91f10433171cf7e7d94ba2221",
                "sha256:286d093f95ec98fdd92fcb955003b8a3d054b4e2cab3e2707a5039e7b50520fd",
                "sha256:2d9ad37fc657b1102ec880e637cccf20191581f75c64087a549e66c57e1ceb53",
                "sha256:2de5a0b09eab81fc6a382791b995b1ccf2b172a9fec934747a7a23d2ff291794",
                "sha256:30a6e28487a790417d036088b3bcb3f3ac7d8babaa7d0139edbaddebf3af9492",
                "sha256:349345b770dc88f81506c6861d22a6ccd422207829d2c854ae2af8025af303e3",
                "sha256:39b28e339fc3c348427560494e28d8a6f3561c8d2bcf7d706e1c624ed8d822b9",
                "sha256:3a898b1e9c5f7307ebbde4102908e6cbfcb9ea16284a3abe15cab996bee8b9b3",
                "sha256:3c6e9b9c1527a78520357de498b0e709fb9e2f49c3a513afd5a249007261911b",
                "sha256:4243050a88ba61842186cb9e63c7dfa677ec146160b0efd73b855a3d9c7fcf32",
                "sha256:4449a736606bd30f27f8e1ff4678ee193bc47f6ca810d705981cfffd6ce0d8c5",
                "sha256:5375d2e23184629112ca1ea89a53389dddbffcf417dad40125713d88eb5f96e8",
                "sha256:5773edda4dc00e173820722711d043799d3adb4f01731f40619e07ea2750b955",
                "sha256:60c2ef0f578afb3c8d92ea07ad327f9a062547137afe91f38408f08aacab667f",
                "sha256:670d0f94cd302d81796e37299bcd04b95d62403883b24225c6b5271466612f45",
                "sha256:6c10513330af5b8ae16f023e8ddbfb486ab355d04467c4679c5cfe4659975dd9",
                "sha256:6cb3a8ec3db4a3b0eb8a3c25436c2d49e3505821802074969db017b87bc6a948",
                "sha256:6f8496d434d5cb2dce025773ba5597f71f5410ae499d5dd9533e0653258cdb3d",
                "sha256:73631cd5cccbcfe63e3f9492aaa664d278fda0ce5c3d43aeda8e77317e38efbd",
                "sha256:73f51dd0e0bdb596fb0417e475fa3c5e32d4c83638296e560086b8d7da7c4170",
                "sha256:7652ee180d16d447a683c04e4c5f6441bae7ba7b17ffd9f6b3aff4605e9e6f71",
                "sha256:7d2d9fd66bfadf230b385fdc90426fcd6eb64db54b40c495b72ac0feb5766c54",
                "sha256:7dee147740789a4632cace364816046e43310b59ff8fb79833ab043aefa72fd5",
                "sha256:83cd0e36932e0e7f36a64b732a6f60c2fc2df28c351bae79fbaf4f8092fe7614",
                "sha256:87e63ccfa13c0a0f6234ed0add552af24cc67dd886731f2261e46e241608bee3",
                "sha256:9ee1942ea19550094033c35d25d20726e4f1c40d59545815e1128ac58d416d38",
                "sha256:9f515a47d02da4d30caaa85b69474cec77b7929b2e936ff7fb853d42f4bf8808",
                "sha256:a1e41a81c7e2825822f4e068c48cb2196002362619e2d70b148f20a831c00739",
                "sha256:a687205fb22794e838f947e2194c0566d3812966b41c78709554aa883183fb62",
                "sha256:a7a34b13d43a6b78abf828a6d0e87d3385680eaf830cd60d20d52f249faabf39",
                "sha256:a82bb225a4e9e4d653dd2fb7b8b2d36e4fb25bc0165422a11e48b88e9e6f78fb",
                "sha256:ab97cf74045343f6c60a39913fa59710e4bd26a536ce7ab2397adf8b27e67c39",
                "sha256:ac0549373982b36d5fd5d30beb8a7a33ee541ff98d2b502714a09f1169f31b55",
                "sha256:b01548f6e0b9e9784a2c99c5651e5dc89ffcbe870bc5fb2e5ef864e9cc6b5dcb",
                "sha256:b299a0cb979f5d7197442dccc3aee67fce53500cd88951b7e6c35575701c980b",
                "sha256:b3c374782c2935cc63b2a27ba8708471de4ad1abaa862ffdb1ef45a643ddbb7d",
                "sha256:b49e7ed51876b459bd645d83db257f0180e345d3f768a35a85437a24d5a49082",
                "sha256:b96dc7eef78fd404e022e165ec55327f935b9b52ff355b067eb4a0267fc1cffb",
                "sha256:c024b1e5696626890038e34f76140ed1daf858e37496d33f2af57f06189e70d7",
                "sha256:d198d2d977460358c3b3a4dc844f875d1adb33817f0613f663a656f463764ccc",
                "sha256:d6ed6f85fae6cdfdb9ce04c9bf7a08d666cfcfb914e7d006f44f840b46741931",
                "sha256:d9125050fcf24554e69c4cacb086b87b3b55dc395a8b3ebe6487b045b2614388",
                "sha256:dcd2bdbd444ff340e8d6bdf54d2f206ccddbb3ccfdcd3c25bf4afaa7b8f0cf45",
                "sha256:e29f3018580e8412d6aaf5641bb7745d38c85228dacf51a73bd4e26ddf2a6a8e",
                "sha256:e8e18ed6995e9e2c0b4ed264d2cf89260ab3ac7e13555b8032b25a74c6d18655"
            ],
            "markers": "python_version >= '3.10'",
            "version": "==3.3.0"
        },
        "gunicorn": {
            "hashes": [
                "sha256:ec400d38950de4dfd418cff8328b2c8faed0edb0d517d3394e457c317908ca4d",
                "sha256:f014447a0101dc57e294f6c18ca6b40227a4c90e9bdb586042628030cba004ec"
            ],
            "index": "pypi",
            "markers": "python_version >= '3.7'",
            "version": "==23.0.0"
        },
        "itsdangerous": {
            "hashes": [
                "sha256:c6242fc49e35958c8b15141343aa660db5fc54d4f13a1db01a3f5891b98700ef",
                "sha256:e0050c0b7da1eea53ffaf149c0cfbb5c6e2e2b69c4bef22c81fa6eb73e5f6173"
            ],
            "markers": "python_version >= '3.8'",
            "version": "==2.2.0"
        },
        "jinja2": {
            "hashes": [
                "sha256:0137fb05990d35f1275a587e9aee6d56da821fc83491a0fb838183be43f66d6d",
                "sha256:85ece4451f492d0c13c5dd7c13a64681a86afae63a5f347908daf103ce6d2f67"
            ],
            "markers": "python_version >= '3.7'",
            "version": "==3.1.6"
        },
        "markupsafe": {
            "hashes": [
                "sha256:0303439a41979d9e74d18ff5e2dd8c43ed6c6001fd40e5bf2e43f7bd9bbc523f",
                "sha256:068f375c472b3e7acbe2d5318dea141359e6900156b5b2ba06a30b169086b91a",
                "sha256:0bf2a864d67e76e5c9a34dc26ec616a66b9888e25e7b9460e1c76d3293bd9dbf",
                "sha256:0db14f5dafddbb6d9208827849fad01f1a2609380add406671a26386cdf15a19",
                "sha256:0eb9ff8191e8498cca014656ae6b8d61f39da5f95b488805da4bb029cccbfbaf",
                "sha256:0f4b68347f8c5eab4a13419215bdfd7f8c9b19f2b25520968adfad23eb0ce60c",
                "sha256:1085e7fbddd3be5f89cc898938f42c0b3c711fdcb37d75221de2666af647c175",
                "sha256:116bb52f642a37c115f517494ea5feb03889e04df47eeff5b130b1808ce7c219",
                "sha256:12c63dfb4a98206f045aa9563db46507995f7ef6d83b2f68eda65c307c6829eb",
                "sha256:133a43e73a802c5562be9bbcd03d090aa5a1fe899db609c29e8c8d815c5f6de6",
                "sha256:1353ef0c1b138e1907ae78e2f6c63ff67501122006b0f9abad68fda5f4ffc6ab",
                "sha256:15d939a21d546304880945ca1ecb8a039db6b4dc49b2c5a400387cdae6a62e26",
                "sha256:177b5253b2834fe3678cb4a5f0059808258584c559193998be2601324fdeafb1",
                "sha256:1872df69a4de6aead3491198eaf13810b565bdbeec3ae2dc8780f14458ec73ce",
                "sha256:1b4b79e8ebf6b55351f0d91fe80f893b4743f104bff22e90697db1590e47a218",
                "sha256:1b52b4fb9df4eb9ae465f8d0c228a00624de2334f216f178a995ccdcf82c4634",
                "sha256:1ba88449deb3de88bd40044603fafffb7bc2b055d626a330323a9ed736661695",
                "sha256:1cc7ea17a6824959616c525620e387f6dd30fec8cb44f649e31712db02123dad",
                "sha256:218551f6df4868a8d527e3062d0fb968682fe92054e89978594c28e642c43a73",
                "sha256:26a5784ded40c9e318cfc2bdb30fe164bdb8665ded9cd64d500a34fb42067b1c",
                "sha256:2713baf880df847f2bece4230d4d094280f4e67b1e813eec43b4c0e144a34ffe",
                "sha256:2a15a08b17dd94c53a1da0438822d70ebcd13f8c3a95abe3a9ef9f11a94830aa",
                "sha256:2f981d352f04553a7171b8e44369f2af4055f888dfb147d55e42d29e29e74559",
                "sha256:32001d6a8fc98c8cb5c947787c5d08b0a50663d139f1305bac5885d98d9b40fa",
                "sha256:3524b778fe5cfb3452a09d31e7b5adefeea8c5be1d43c4f810ba09f2ceb29d37",
                "sha256:3537e01efc9d4dccdf77221fb1cb3b8e1a38d5428920e0657ce299b20324d758",
                "sha256:35add3b638a5d900e807944a078b51922212fb3dedb01633a8defc4b01a3c85f",
                "sha256:38664109c14ffc9e7437e86b4dceb442b0096dfe3541d7864d9cbe1da4cf36c8",
                "sha256:3a7e8ae81ae39e62a41ec302f972ba6ae23a5c5396c8e60113e9066ef893da0d",
                "sha256:3b562dd9e9ea93f13d53989d23a7e775fdfd1066c33494ff43f5418bc8c58a5c",
                "sha256:457a69a9577064c05a97c41f4e65148652db078a3a509039e64d3467b9e7ef97",
                "sha256:4bd4cd07944443f5a265608cc6aab442e4f74dff8088b0dfc8238647b8f6ae9a",
                "sha256:4e885a3d1efa2eadc93c894a21770e4bc67899e3543680313b09f139e149ab19",
                "sha256:4faffd047e07c38848ce017e8725090413cd80cbc23d86e55c587bf979e579c9",
                "sha256:509fa21c6deb7a7a273d629cf5ec029bc209d1a51178615ddf718f5918992ab9",
                "sha256:5678211cb9333a6468fb8d8be0305520aa073f50d17f089b5b4b477ea6e67fdc",
                "sha256:591ae9f2a647529ca990bc681daebdd52c8791ff06c2bfa05b65163e28102ef2",
                "sha256:5a7d5dc5140555cf21a6fefbdbf8723f06fcd2f63ef108f2854de715e4422cb4",
                "sha256:69c0b73548bc525c8cb9a251cddf1931d1db4d2258e9599c28c07ef3580ef354",
                "sha256:6b5420a1d9450023228968e7e6a9ce57f65d148ab56d2313fcd589eee96a7a50",
                "sha256:722695808f4b6457b320fdc131280796bdceb04ab50fe1795cd540799ebe1698",
                "sha256:729586769a26dbceff69f7a7dbbf59ab6572b99d94576a5592625d5b411576b9",
                "sha256:77f0643abe7495da77fb436f50f8dab76dbc6e5fd25d39589a0f1fe6548bfa2b",
                "sha256:795e7751525cae078558e679d646ae45574b47ed6e7771863fcc079a6171a0fc",
                "sha256:7be7b61bb172e1ed687f1754f8e7484f1c8019780f6f6b0786e76bb01c2ae115",
                "sha256:7c3fb7d25180895632e5d3148dbdc29ea38ccb7fd210aa27acbd1201a1902c6e",
                "sha256:7e68f88e5b8799aa49c85cd116c932a1ac15caaa3f5db09087854d218359e485",
                "sha256:83891d0e9fb81a825d9a6d61e3f07550ca70a076484292a70fde82c4b807286f",
                "sha256:8485f406a96febb5140bfeca44a73e3ce5116b2501ac54fe953e488fb1d03b12",
                "sha256:8709b08f4a89aa7586de0aadc8da56180242ee0ada3999749b183aa23df95025",
                "sha256:8f71bc33915be5186016f675cd83a1e08523649b0e33efdb898db577ef5bb009",
                "sha256:915c04ba3851909ce68ccc2b8e2cd691618c4dc4c4232fb7982bca3f41fd8c3d",
                "sha256:949b8d66bc381ee8b007cd945914c721d9aba8e27f71959d750a46f7c282b20b",
                "sha256:94c6f0bb423f739146aec64595853541634bde58b2135f27f61c1ffd1cd4d16a",
                "sha256:9a1abfdc021a164803f4d485104931fb8f8c1efd55bc6b748d2f5774e78b62c5",
                "sha256:9b79b7a16f7fedff2495d684f2b59b0457c3b493778c9eed31111be64d58279f",
                "sha256:a320721ab5a1aba0a233739394eb907f8c8da5c98c9181d1161e77a0c8e36f2d",
                "sha256:a4afe79fb3de0b7097d81da19090f4df4f8d3a2b3adaa8764138aac2e44f3af1",
                "sha256:ad2cf8aa28b8c020ab2fc8287b0f823d0a7d8630784c31e9ee5edea20f406287",
                "sha256:b8512a91625c9b3da6f127803b166b629725e68af71f8184ae7e7d54686a56d6",
                "sha256:bc51efed119bc9cfdf792cdeaa4d67e8f6fcccab66ed4bfdd6bde3e59bfcbb2f",
                "sha256:bdc919ead48f234740ad807933cdf545180bfbe9342c2bb451556db2ed958581",
                "sha256:bdd37121970bfd8be76c5fb069c7751683bdf373db1ed6c010162b2a130248ed",
                "sha256:be8813b57049a7dc738189df53d69395eba14fb99345e0a5994914a3864c8a4b",
                "sha256:c0c0b3ade1c0b13b936d7970b1d37a57acde9199dc2aecc4c336773e1d86049c",
                "sha256:c47a551199eb8eb2121d4f0f15ae0f923d31350ab9280078d1e5f12b249e0026",
                "sha256:c4ffb7ebf07cfe8931028e3e4c85f0357459a3f9f9490886198848f4fa002ec8",
                "sha256:ccfcd093f13f0f0b7fdd0f198b90053bf7b2f02a3927a30e63f3ccc9df56b676",
                "sha256:d2ee202e79d8ed691ceebae8e0486bd9a2cd4794cec4824e1c99b6f5009502f6",
                "sha256:d53197da72cc091b024dd97249dfc7794d6a56530370992a5e1a08983ad9230e",
                "sha256:d6dd0be5b5b189d31db7cda48b91d7e0a9795f31430b7f271219ab30f1d3ac9d",
                "sha256:d88b440e37a16e651bda4c7c2b930eb586fd15ca7406cb39e211fcff3bf3017d",
                "sha256:de8a88e63464af587c950061a5e6a67d3632e36df62b986892331d4620a35c01",
                "sha256:df2449253ef108a379b8b5d6b43f4b1a8e81a061d6537becd5582fba5f9196d7",
                "sha256:e1c1493fb6e50ab01d20a22826e57520f1284df32f2d8601fdd90b6304601419",
                "sha256:e1cf1972137e83c5d4c136c43ced9ac51d0e124706ee1c8aa8532c1287fa8795",
                "sha256:e2103a929dfa2fcaf9bb4e7c091983a49c9ac3b19c9061b6d5427dd7d14d81a1",
                "sha256:e56b7d45a839a697b5eb268c82a71bd8c7f6c94d6fd50c3d577fa39a9f1409f5",
                "sha256:e8afc3f2ccfa24215f8cb28dcf43f0113ac3c37c2f0f0806d8c70e4228c5cf4d",
                "sha256:e8fc20152abba6b83724d7ff268c249fa196d8259ff481f3b1476383f8f24e42",
                "sha256:eaa9599de571d72e2daf60164784109f19978b327a3910d3e9de8c97b5b70cfe",
                "sha256:ec15a59cf5af7be74194f7ab02d0f59a62bdcf1a537677ce67a2537c9b87fcda",
                "sha256:f190daf01f13c72eac4efd5c430a8de82489d9cff23c364c3ea822545032993e",
                "sha256:f34c41761022dd093b4b6896d4810782ffbabe30f2d443ff5f083e0cbbb8c737",
                "sha256:f3e98bb3798ead92273dc0e5fd0f31ade220f59a266ffd8a4f6065e0a3ce0523",
                "sha256:f42d0984e947b8adf7dd6dde396e720934d12c506ce84eea8476409563607591",
                "sha256:f71a396b3bf33ecaa1626c255855702aca4d3d9fea5e051b41ac59a9c1c41edc",
                "sha256:f9e130248f4462aaa8e2552d547f36ddadbeaa573879158d721bbd33dfe4743a",
                "sha256:fed51ac40f757d41b7c48425901843666a6677e3e8eb0abcff09e4ba6e664f50"
            ],
            "markers": "python_version >= '3.9'",
            "version": "==3.0.3"
        },
        "mysqlclient": {
            "hashes": [
                "sha256:199dab53a224357dd0cb4d78ca0e54018f9cee9bf9ec68d72db50e0a23569076",
                "sha256:201a6faa301011dd07bca6b651fe5aaa546d7c9a5426835a06c3172e1056a3c5",
                "sha256:24ae22b59416d5fcce7e99c9d37548350b4565baac82f95e149cac6ce4163845",
                "sha256:2e3c11f7625029d7276ca506f8960a7fd3c5a0a0122c9e7404e6a8fe961b3d22",
                "sha256:4b4c0200890837fc64014cc938ef2273252ab544c1b12a6c1d674c23943f3f2e",
                "sha256:92af368ed9c9144737af569c86d3b6c74a012a6f6b792eb868384787b52bb585",
                "sha256:977e35244fe6ef44124e9a1c2d1554728a7b76695598e4b92b37dc2130503069",
                "sha256:a22d99d26baf4af68ebef430e3131bb5a9b722b79a9fcfac6d9bbf8a88800687"
            ],
            "index": "pypi",
            "markers": "python_version >= '3.8'",
            "version": "==2.2.7"
        },
        "packaging": {
            "hashes": [
                "sha256:29572ef2b1f17581046b3a2227d5c611fb25ec70ca1ba8554b24b0e69331a484",
                "sha256:d443872c98d677bf60f6a1f2f8c1cb748e8fe762d2bf9d3148b5599295b0fc4f"
            ],
            "markers": "python_version >= '3.8'",
            "version": "==25.0"
        },
        "psycopg": {
            "hashes": [
                "sha256:3e94bc5f4690247d734599af56e51bae8e0db8e4311ea413f801fef82b14a99b",
                "sha256:707a67975ee214d200511177a6a80e56e654754c9afca06a7194ea6bbfde9ca7"
            ],
            "index": "pypi",
            "markers": "python_version >= '3.10'",
            "version": "==3.3.2"
        },
        "pyodbc": {
            "hashes": [
                "sha256:01166162149adf2b8a6dc21a212718f205cabbbdff4047dc0c415af3fd85867e",
                "sha256:0263323fc47082c2bf02562f44149446bbbfe91450d271e44bffec0c3143bfb1",
                "sha256:08b2439500e212625471d32f8fde418075a5ddec556e095e5a4ba56d61df2dc6",
                "sha256:0df7ff47fab91ea05548095b00e5eb87ed88ddf4648c58c67b4db95ea4913e23",
                "sha256:101313a21d2654df856a60e4a13763e4d9f6c5d3fd974bcf3fc6b4e86d1bbe8e",
                "sha256:13656184faa3f2d5c6f19b701b8f247342ed581484f58bf39af7315c054e69db",
                "sha256:1629af4706e9228d79dabb4863c11cceb22a6dab90700db0ef449074f0150c0d",
                "sha256:197bb6ddafe356a916b8ee1b8752009057fce58e216e887e2174b24c7ab99269",
                "sha256:2035c7dfb71677cd5be64d3a3eb0779560279f0a8dc6e33673499498caa88937",
                "sha256:25b6766e56748eb1fc1d567d863e06cbb7b7c749a41dfed85db0031e696fa39a",
                "sha256:25c4cfb2c08e77bc6e82f666d7acd52f0e52a0401b1876e60f03c73c3b8aedc0",
                "sha256:2eb7151ed0a1959cae65b6ac0454f5c8bbcd2d8bafeae66483c09d58b0c7a7fc",
                "sha256:2fe0e063d8fb66efd0ac6dc39236c4de1a45f17c33eaded0d553d21c199f4d05",
                "sha256:349a9abae62a968b98f6bbd23d2825151f8d9de50b3a8f5f3271b48958fdb672",
                "sha256:363311bd40320b4a61454bebf7c38b243cd67c762ed0f8a5219de3ec90c96353",
                "sha256:3cc472c8ae2feea5b4512e23b56e2b093d64f7cbc4b970af51da488429ff7818",
                "sha256:3f1bdb3ce6480a17afaaef4b5242b356d4997a872f39e96f015cabef00613797",
                "sha256:452e7911a35ee12a56b111ac5b596d6ed865b83fcde8427127913df53132759e",
                "sha256:46185a1a7f409761716c71de7b95e7bbb004390c650d00b0b170193e3d6224bb",
                "sha256:46869b9a6555ff003ed1d8ebad6708423adf2a5c88e1a578b9f029fb1435186e",
                "sha256:58635a1cc859d5af3f878c85910e5d7228fe5c406d4571bffcdd281375a54b39",
                "sha256:5cbe4d753723c8a8f65020b7a259183ef5f14307587165ce37e8c7e251951852",
                "sha256:5ceaed87ba2ea848c11223f66f629ef121f6ebe621f605cde9cfdee4fd9f4b68",
                "sha256:5dd3d5e469f89a3112cf8b0658c43108a4712fad65e576071e4dd44d2bd763c7",
                "sha256:5ebf6b5d989395efe722b02b010cb9815698a4d681921bf5db1c0e1195ac1bde",
                "sha256:6132554ffbd7910524d643f13ce17f4a72f3a6824b0adef4e9a7f66efac96350",
                "sha256:6682cdec78f1302d0c559422c8e00991668e039ed63dece8bf99ef62173376a5",
                "sha256:676031723aac7dcbbd2813bddda0e8abf171b20ec218ab8dfb21d64a193430ea",
                "sha256:705903acf6f43c44fc64e764578d9a88649eb21bf7418d78677a9d2e337f56f2",
                "sha256:729c535341bb09c476f219d6f7ab194bcb683c4a0a368010f1cb821a35136f05",
                "sha256:74528fe148980d0c735c0ebb4a4dc74643ac4574337c43c1006ac4d09593f92d",
                "sha256:754d052030d00c3ac38da09ceb9f3e240e8dd1c11da8906f482d5419c65b9ef5",
                "sha256:7713c740a10f33df3cb08f49a023b7e1e25de0c7c99650876bbe717bc95ee780",
                "sha256:7e9ab0b91de28a5ab838ac4db0253d7cc8ce2452efe4ad92ee6a57b922bf0c24",
                "sha256:8339d3094858893c1a68ee1af93efc4dff18b8b65de54d99104b99af6306320d",
                "sha256:8aa396c6d6af52ccd51b8c8a5bffbb46fd44e52ce07ea4272c1d28e5e5b12722",
                "sha256:9b987a25a384f31e373903005554230f5a6d59af78bce62954386736a902a4b3",
                "sha256:9cd3f0a9796b3e1170a9fa168c7e7ca81879142f30e20f46663b882db139b7d2",
                "sha256:a48d731432abaee5256ed6a19a3e1528b8881f9cb25cb9cf72d8318146ea991b",
                "sha256:ac23feb7ddaa729f6b840639e92f83ff0ccaa7072801d944f1332cd5f5b05f47",
                "sha256:af4d8c9842fc4a6360c31c35508d6594d5a3b39922f61b282c2b4c9d9da99514",
                "sha256:afe7c4ac555a8d10a36234788fc6cfc22a86ce37fc5ba88a1f75b3e6696665dc",
                "sha256:b180bc5e49b74fd40a24ef5b0fe143d0c234ac1506febe810d7434bf47cb925b",
                "sha256:b35b9983ad300e5aea82b8d1661fc9d3afe5868de527ee6bd252dd550e61ecd6",
                "sha256:bc834567c2990584b9726cba365834d039380c9dbbcef3030ddeb00c6541b943",
                "sha256:bfeb3e34795d53b7d37e66dd54891d4f9c13a3889a8f5fe9640e56a82d770955",
                "sha256:c25dc9c41f61573bdcf61a3408c34b65e4c0f821b8f861ca7531b1353b389804",
                "sha256:c2eb0b08e24fe5c40c7ebe9240c5d3bd2f18cd5617229acee4b0a0484dc226f2",
                "sha256:c5c30c5cd40b751f77bbc73edd32c4498630939bcd4e72ee7e6c9a4b982cc5ca",
                "sha256:c67e7f2ce649155ea89beb54d3b42d83770488f025cf3b6f39ca82e9c598a02e",
                "sha256:c68d9c225a97aedafb7fff1c0e1bfe293093f77da19eaf200d0e988fa2718d16",
                "sha256:c6ccb5315ec9e081f5cbd66f36acbc820ad172b8fa3736cf7f993cdf69bd8a96",
                "sha256:c79df54bbc25bce9f2d87094e7b39089c28428df5443d1902b0cc5f43fd2da6f",
                "sha256:cf18797a12e70474e1b7f5027deeeccea816372497e3ff2d46b15bec2d18a0cc",
                "sha256:d255f6b117d05cfc046a5201fdf39535264045352ea536c35777cf66d321fbb8",
                "sha256:d32c3259762bef440707098010035bbc83d1c73d81a434018ab8c688158bd3bb",
                "sha256:d89a7f2e24227150c13be8164774b7e1f9678321a4248f1356a465b9cc17d31e",
                "sha256:e3c39de3005fff3ae79246f952720d44affc6756b4b85398da4c5ea76bf8f506",
                "sha256:e981db84fee4cebec67f41bd266e1e7926665f1b99c3f8f4ea73cd7f7666e381",
                "sha256:ebc3be93f61ea0553db88589e683ace12bf975baa954af4834ab89f5ee7bf8ae",
                "sha256:f1ad0e93612a6201621853fc661209d82ff2a35892b7d590106fe8f97d9f1f2a",
                "sha256:f927b440c38ade1668f0da64047ffd20ec34e32d817f9a60d07553301324b364",
                "sha256:fc5ac4f2165f7088e74ecec5413b5c304247949f9702c8853b0e43023b4187e8",
                "sha256:fe77eb9dcca5fc1300c9121f81040cc9011d28cff383e2c35416e9ec06d4bc95"
            ],
            "index": "pypi",
            "markers": "python_version >= '3.9'",
            "version": "==5.3.0"
        },
        "python-dotenv": {
            "hashes": [
                "sha256:42667e897e16ab0d66954af0e60a9caa94f0fd4ecf3aaf6d2d260eec1aa36ad6",
                "sha256:b81ee9561e9ca4004139c6cbba3a238c32b03e4894671e181b671e8cb8425d61"
            ],
            "index": "pypi",
            "markers": "python_version >= '3.9'",
            "version": "==1.2.1"
        },
        "sqlalchemy": {
            "hashes": [
                "sha256:0209d9753671b0da74da2cfbb9ecf9c02f72a759e4b018b3ab35f244c91842c7",
                "sha256:040f6f0545b3b7da6b9317fc3e922c9a98fc7243b2a1b39f78390fc0942f7826",
                "sha256:0c9f6ada57b58420a2c0277ff853abe40b9e9449f8d7d231763c6bc30f5c4953",
                "sha256:0f02325709d1b1a1489f23a39b318e175a171497374149eae74d612634b234c0",
                "sha256:107029bf4f43d076d4011f1afb74f7c3e2ea029ec82eb23d8527d5e909e97aa6",
                "sha256:12c694ed6468333a090d2f60950e4250b928f457e4962389553d6ba5fe9951ac",
                "sha256:13e27397a7810163440c6bfed6b3fe46f1bfb2486eb540315a819abd2c004128",
                "sha256:1632a4bda8d2d25703fdad6363058d882541bdaaee0e5e3ddfa0cd3229efce88",
                "sha256:1d8b4a7a8c9b537509d56d5cd10ecdcfbb95912d72480c8861524efecc6a3fff",
                "sha256:215f0528b914e5c75ef2559f69dca86878a3beeb0c1be7279d77f18e8d180ed4",
                "sha256:2c0b74aa79e2deade948fe8593654c8ef4228c44ba862bb7c9585c8e0db90f33",
                "sha256:2e90a344c644a4fa871eb01809c32096487928bd2038bf10f3e4515cb688cc56",
                "sha256:3c5f76216e7b85770d5bb5130ddd11ee89f4d52b11783674a662c7dd57018177",
                "sha256:470daea2c1ce73910f08caf10575676a37159a6d16c4da33d0033546bddebc9b",
                "sha256:4748601c8ea959e37e03d13dcda4a44837afcd1b21338e637f7c935b8da06177",
                "sha256:4b6bec67ca45bc166c8729910bd2a87f1c0407ee955df110d78948f5b5827e8a",
                "sha256:5225a288e4c8cc2308dbdd874edad6e7d0fd38eac1e9e5f23503425c8eee20d0",
                "sha256:56ead1f8dfb91a54a28cd1d072c74b3d635bcffbd25e50786533b822d4f2cde2",
                "sha256:5964f832431b7cdfaaa22a660b4c7eb1dfcd6ed41375f67fd3e3440fd95cb3cc",
                "sha256:59a8b8bd9c6bedf81ad07c8bd5543eedca55fe9b8780b2b628d495ba55f8db1e",
                "sha256:672c45cae53ba88e0dad74b9027dddd09ef6f441e927786b05bec75d949fbb2e",
                "sha256:6d0beadc2535157070c9c17ecf25ecec31e13c229a8f69196d7590bde8082bf1",
                "sha256:7ae64ebf7657395824a19bca98ab10eb9a3ecb026bf09524014f1bb81cb598d4",
                "sha256:7f46ec744e7f51275582e6a24326e10c49fbdd3fc99103e01376841213028774",
                "sha256:830d434d609fe7bfa47c425c445a8b37929f140a7a44cdaf77f6d34df3a7296a",
                "sha256:83d7009f40ce619d483d26ac1b757dfe3167b39921379a8bd1b596cf02dab4a6",
                "sha256:883c600c345123c033c2f6caca18def08f1f7f4c3ebeb591a63b6fceffc95cce",
                "sha256:8a420169cef179d4c9064365f42d779f1e5895ad26ca0c8b4c0233920973db74",
                "sha256:8defe5737c6d2179c7997242d6473587c3beb52e557f5ef0187277009f73e5e1",
                "sha256:9a62b446b7d86a3909abbcd1cd3cc550a832f99c2bc37c5b22e1925438b9367b",
                "sha256:9c6378449e0940476577047150fd09e242529b761dc887c9808a9a937fe990c8",
                "sha256:a15b98adb7f277316f2c276c090259129ee4afca783495e212048daf846654b2",
                "sha256:afbf47dc4de31fa38fd491f3705cac5307d21d4bb828a4f020ee59af412744ee",
                "sha256:b3ee2aac15169fb0d45822983631466d60b762085bc4535cd39e66bea362df5f",
                "sha256:b8c8b41b97fba5f62349aa285654230296829672fc9939cd7f35aab246d1c08b",
                "sha256:ba547ac0b361ab4f1608afbc8432db669bd0819b3e12e29fb5fa9529a8bba81d",
                "sha256:c1c2091b1489435ff85728fafeb990f073e64f6f5e81d5cd53059773e8521eb6",
                "sha256:c64772786d9eee72d4d3784c28f0a636af5b0a29f3fe26ff11f55efe90c0bd85",
                "sha256:cd337d3526ec5298f67d6a30bbbe4ed7e5e68862f0bf6dd21d289f8d37b7d60b",
                "sha256:d29b2b99d527dbc66dd87c3c3248a5dd789d974a507f4653c969999fc7c1191b",
                "sha256:d2c3684fca8a05f0ac1d9a21c1f4a266983a7ea9180efb80ffeb03861ecd01a0",
                "sha256:d62e47f5d8a50099b17e2bfc1b0c7d7ecd8ba6b46b1507b58cc4f05eefc3bb1c",
                "sha256:d8a2ca754e5415cde2b656c27900b19d50ba076aa05ce66e2207623d3fe41f5a",
                "sha256:db6834900338fb13a9123307f0c2cbb1f890a8656fcd5e5448ae3ad5bbe8d312",
                "sha256:e057f928ffe9c9b246a55b469c133b98a426297e1772ad24ce9f0c47d123bd5b",
                "sha256:e50dcb81a5dfe4b7b4a4aa8f338116d127cb209559124f3694c70d6cd072b68f",
                "sha256:ebd300afd2b62679203435f596b2601adafe546cb7282d5a0cd3ed99e423720f",
                "sha256:ed3635353e55d28e7f4a95c8eda98a5cdc0a0b40b528433fbd41a9ae88f55b3d",
                "sha256:ee580ab50e748208754ae8980cec79ec205983d8cf8b3f7c39067f3d9f2c8e22",
                "sha256:f7d27a1d977a1cfef38a0e2e1ca86f09c4212666ce34e6ae542f3ed0a33bc606",
                "sha256:fd93c6f5d65f254ceabe97548c709e073d6da9883343adaa51bf1a913ce93f8e",
                "sha256:fe187fc31a54d7fd90352f34e8c008cf3ad5d064d08fedd3de2e8df83eb4a1cf"
            ],
            "index": "pypi",
            "markers": "python_version >= '3.7'",
            "version": "==2.0.45"
        },
        "typing-extensions": {
            "hashes": [
                "sha256:0cea48d173cc12fa28ecabc3b837ea3cf6f38c6d1136f85cbaaf598984861466",
                "sha256:f0fa19c6845758ab08074a0cfa8b7aecb71c999ca73d62883bc25cc018c4e548"
            ],
            "markers": "python_version >= '3.9'",
            "version": "==4.15.0"
        },
        "werkzeug": {
            "hashes": [
                "sha256:2ad50fb9ed09cc3af22c54698351027ace879a0b60a3b5edf5730b2f7d876905",
                "sha256:cd3cd98b1b92dc3b7b3995038826c68097dcb16f9baa63abe35f20eafeb9fe5e"
            ],
            "markers": "python_version >= '3.9'",
            "version": "==3.1.4"
        }
    },
    "develop": {
        "black": {
            "hashes": [
                "sha256:05dd459a19e218078a1f98178c13f861fe6a9a5f88fc969ca4d9b49eb1809783",
                "sha256:09524b0e6af8ba7a3ffabdfc7a9922fb9adef60fed008c7cd2fc01f3048e6e6f",
                "sha256:0a0953b134f9335c2434864a643c842c44fba562155c738a2a37a4d61f00cad5",
                "sha256:0e509c858adf63aa61d908061b52e580c40eae0dfa72415fa47ac01b12e29baf",
                "sha256:169506ba91ef21e2e0591563deda7f00030cb466e747c4b09cb0a9dae5db2f43",
                "sha256:17dcc893da8d73d8f74a596f64b7c98ef5239c2cd2b053c0f25912c4494bf9ea",
                "sha256:1a2f578ae20c19c50a382286ba78bfbeafdf788579b053d8e4980afb079ab9be",
                "sha256:2355bbb6c3b76062870942d8cc450d4f8ac71f9c93c40122762c8784df49543f",
                "sha256:252678f07f5bac4ff0d0e9b261fbb029fa530cfa206d0a636a34ab445ef8ca9d",
                "sha256:274f940c147ddab4442d316b27f9e332ca586d39c85ecf59ebdea82cc9ee8892",
                "sha256:31f96b7c98c1ddaeb07dc0f56c652e25bdedaac76d5b68a059d998b57c55594a",
                "sha256:48ceb36c16dbc84062740049eef990bb2ce07598272e673c17d1a7720c71c828",
                "sha256:51e267458f7e650afed8445dc7edb3187143003d52a1b710c7321aef22aa9655",
                "sha256:546eecfe9a3a6b46f9d69d8a642585a6eaf348bcbbc4d87a19635570e02d9f4a",
                "sha256:778285d9ea197f34704e3791ea9404cd6d07595745907dd2ce3da7a13627b29b",
                "sha256:8d3dd9cea14bff7ddc0eb243c811cdb1a011ebb4800a5f0335a01a68654796a7",
                "sha256:9678bd991cc793e81d19aeeae57966ee02909877cb65838ccffef24c3ebac08f",
                "sha256:97596189949a8aad13ad12fcbb4ae89330039b96ad6742e6f6b45e75ad5cfd83",
                "sha256:9ec77439ef3e34896995503865a85732c94396edcc739f302c5673a2315e1e7f",
                "sha256:a05ddeb656534c3e27a05a29196c962877c83fa5503db89e68857d1161ad08a5",
                "sha256:a3fa71e3b8dd9f7c6ac4d818345237dfb4175ed3bf37cd5a581dbc4c034f1ec5",
                "sha256:b162653ed89eb942758efeb29d5e333ca5bb90e5130216f8369857db5955a7da",
                "sha256:bc5b1c09fe3c931ddd20ee548511c64ebf964ada7e6f0763d443947fd1c603ce",
                "sha256:c1f68c5eff61f226934be6b5b80296cf6939e5d2f0c2f7d543ea08b204bfaf59",
                "sha256:d0cfa263e85caea2cff57d8f917f9f51adae8e20b610e2b23de35b5b11ce691a",
                "sha256:d3e1b65634b0e471d07ff86ec338819e2ef860689859ef4501ab7ac290431f9b",
                "sha256:f85ba1ad15d446756b4ab5f3044731bf68b777f8f9ac9cdabd2425b97cd9c4e8"
            ],
            "index": "pypi",
            "markers": "python_version >= '3.10'",
            "version": "==25.12.0"
        },
        "click": {
            "hashes": [
                "sha256:12ff4785d337a1bb490bb7e9c2b1ee5da3112e94a8622f26a6c77f5d2fc6842a",
                "sha256:981153a64e25f12d547d3426c367a4857371575ee7ad18df2a6183ab0545b2a6"
            ],
            "markers": "python_version >= '3.10'",
            "version": "==8.3.1"
        },
        "coverage": {
            "extras": [
                "toml"
            ],
            "hashes": [
                "sha256:0018f73dfb4301a89292c73be6ba5f58722ff79f51593352759c1790ded1cabe",
                "sha256:00c3d22cf6fb1cf3bf662aaaa4e563be8243a5ed2630339069799835a9cc7f9b",
                "sha256:02d9fb9eccd48f6843c98a37bd6817462f130b86da8660461e8f5e54d4c06070",
                "sha256:0602f701057c6823e5db1b74530ce85f17c3c5be5c85fc042ac939cbd909426e",
                "sha256:06cac81bf10f74034e055e903f5f946e3e26fc51c09fc9f584e4a1605d977053",
                "sha256:086cede306d96202e15a4b77ace8472e39d9f4e5f9fd92dd4fecdfb2313b2080",
                "sha256:0900872f2fdb3ee5646b557918d02279dc3af3dfb39029ac4e945458b13f73bc",
                "sha256:0a3a30f0e257df382f5f9534d4ce3d4cf06eafaf5192beb1a7bd066cb10e78fb",
                "sha256:0b3d67d31383c4c68e19a88e28fc4c2e29517580f1b0ebec4a069d502ce1e0bf",
                "sha256:0dfa3855031070058add1a59fdfda0192fd3e8f97e7c81de0596c145dea51820",
                "sha256:0f4872f5d6c54419c94c25dd6ae1d015deeb337d06e448cd890a1e89a8ee7f3b",
                "sha256:11c21557d0e0a5a38632cbbaca5f008723b26a89d70db6315523df6df77d6232",
                "sha256:166ad2a22ee770f5656e1257703139d3533b4a0b6909af67c6b4a3adc1c98657",
                "sha256:193c3887285eec1dbdb3f2bd7fbc351d570ca9c02ca756c3afbc71b3c98af6ef",
                "sha256:1d84e91521c5e4cb6602fe11ece3e1de03b2760e14ae4fcf1a4b56fa3c801fcd",
                "sha256:1ed5630d946859de835a85e9a43b721123a8a44ec26e2830b296d478c7fd4259",
                "sha256:22486cdafba4f9e471c816a2a5745337742a617fef68e890d8baf9f3036d7833",
                "sha256:22ccfe8d9bb0d6134892cbe1262493a8c70d736b9df930f3f3afae0fe3ac924d",
                "sha256:24e4e56304fdb56f96f80eabf840eab043b3afea9348b88be680ec5986780a0f",
                "sha256:25dc33618d45456ccb1d37bce44bc78cf269909aa14c4db2e03d63146a8a1493",
                "sha256:263c3dbccc78e2e331e59e90115941b5f53e85cfcc6b3b2fbff1fd4e3d2c6ea8",
                "sha256:28ee1c96109974af104028a8ef57cec21447d42d0e937c0275329272e370ebcf",
                "sha256:30a3a201a127ea57f7e14ba43c93c9c4be8b7d17a26e03bb49e6966d019eede9",
                "sha256:3188936845cd0cb114fa6a51842a304cdbac2958145d03be2377ec41eb285d19",
                "sha256:367449cf07d33dc216c083f2036bb7d976c6e4903ab31be400ad74ad9f85ce98",
                "sha256:37eee4e552a65866f15dedd917d5e5f3d59805994260720821e2c1b51ac3248f",
                "sha256:3a10260e6a152e5f03f26db4a407c4c62d3830b9af9b7c0450b183615f05d43b",
                "sha256:3a7b1cd820e1b6116f92c6128f1188e7afe421c7e1b35fa9836b11444e53ebd9",
                "sha256:3ab483ea0e251b5790c2aac03acde31bff0c736bf8a86829b89382b407cd1c3b",
                "sha256:3ad968d1e3aa6ce5be295ab5fe3ae1bf5bb4769d0f98a80a0252d543a2ef2e9e",
                "sha256:445badb539005283825959ac9fa4a28f712c214b65af3a2c464f1adc90f5fcbc",
                "sha256:453b7ec753cf5e4356e14fe858064e5520c460d3bbbcb9c35e55c0d21155c256",
                "sha256:494f5459ffa1bd45e18558cd98710c36c0b8fbfa82a5eabcbe671d80ecffbfe8",
                "sha256:4b5de7d4583e60d5fd246dd57fcd3a8aa23c6e118a8c72b38adf666ba8e7e927",
                "sha256:4f3e223b2b2db5e0db0c2b97286aba0036ca000f06aca9b12112eaa9af3d92ae",
                "sha256:4fdb6f54f38e334db97f72fa0c701e66d8479af0bc3f9bfb5b90f1c30f54500f",
                "sha256:51a202e0f80f241ccb68e3e26e19ab5b3bf0f813314f2c967642f13ebcf1ddfe",
                "sha256:581f086833d24a22c89ae0fe2142cfaa1c92c930adf637ddf122d55083fb5a0f",
                "sha256:583221913fbc8f53b88c42e8dbb8fca1d0f2e597cb190ce45916662b8b9d9621",
                "sha256:58632b187be6f0be500f553be41e277712baa278147ecb7559983c6d9faf7ae1",
                "sha256:5c67dace46f361125e6b9cace8fe0b729ed8479f47e70c89b838d319375c8137",
                "sha256:5e70f92ef89bac1ac8a99b3324923b4749f008fdbd7aa9cb35e01d7a284a04f9",
                "sha256:5f5d9bd30756fff3e7216491a0d6d520c448d5124d3d8e8f56446d6412499e74",
                "sha256:5f8a0297355e652001015e93be345ee54393e45dc3050af4a0475c5a2b767d46",
                "sha256:62d7c4f13102148c78d7353c6052af6d899a7f6df66a32bddcc0c0eb7c5326f8",
                "sha256:69ac2c492918c2461bc6ace42d0479638e60719f2a4ef3f0815fa2df88e9f940",
                "sha256:6abb3a4c52f05e08460bd9acf04fec027f8718ecaa0d09c40ffbc3fbd70ecc39",
                "sha256:6e63ccc6e0ad8986386461c3c4b737540f20426e7ec932f42e030320896c311a",
                "sha256:6e9e451dee940a86789134b6b0ffbe31c454ade3b849bb8a9d2cca2541a8e91d",
                "sha256:6fb2d5d272341565f08e962cce14cdf843a08ac43bd621783527adb06b089c4b",
                "sha256:71936a8b3b977ddd0b694c28c6a34f4fff2e9dd201969a4ff5d5fc7742d614b0",
                "sha256:73419b89f812f498aca53f757dd834919b48ce4799f9d5cad33ca0ae442bdb1a",
                "sha256:739c6c051a7540608d097b8e13c76cfa85263ced467168dc6b477bae3df7d0e2",
                "sha256:7464663eaca6adba4175f6c19354feea61ebbdd735563a03d1e472c7072d27bb",
                "sha256:74c136e4093627cf04b26a35dab8cbfc9b37c647f0502fc313376e11726ba303",
                "sha256:76541dc8d53715fb4f7a3a06b34b0dc6846e3c69bc6204c55653a85dd6220971",
                "sha256:7a485ff48fbd231efa32d58f479befce52dcb6bfb2a88bb7bf9a0b89b1bc8030",
                "sha256:7e442c013447d1d8d195be62852270b78b6e255b79b8675bad8479641e21fd96",
                "sha256:7f15a931a668e58087bc39d05d2b4bf4b14ff2875b49c994bbdb1c2217a8daeb",
                "sha256:7f88ae3e69df2ab62fb0bc5219a597cb890ba5c438190ffa87490b315190bb33",
                "sha256:8069e831f205d2ff1f3d355e82f511eb7c5522d7d413f5db5756b772ec8697f8",
                "sha256:850d2998f380b1e266459ca5b47bc9e7daf9af1d070f66317972f382d46f1904",
                "sha256:898cce66d0836973f48dda4e3514d863d70142bdf6dfab932b9b6a90ea5b222d",
                "sha256:9097818b6cc1cfb5f174e3263eba4a62a17683bcfe5c4b5d07f4c97fa51fbf28",
                "sha256:936bc20503ce24770c71938d1369461f0c5320830800933bc3956e2a4ded930e",
                "sha256:9372dff5ea15930fea0445eaf37bbbafbc771a49e70c0aeed8b4e2c2614cc00e",
                "sha256:9987a9e4f8197a1000280f7cc089e3ea2c8b3c0a64d750537809879a7b4ceaf9",
                "sha256:99acd4dfdfeb58e1937629eb1ab6ab0899b131f183ee5f23e0b5da5cba2fec74",
                "sha256:9b01c22bc74a7fb44066aaf765224c0d933ddf1f5047d6cdfe4795504a4493f8",
                "sha256:a00d3a393207ae12f7c49bb1c113190883b500f48979abb118d8b72b8c95c032",
                "sha256:a23e5a1f8b982d56fa64f8e442e037f6ce29322f1f9e6c2344cd9e9f4407ee57",
                "sha256:a2bdb3babb74079f021696cb46b8bb5f5661165c385d3a238712b031a12355be",
                "sha256:a394aa27f2d7ff9bc04cf703817773a59ad6dfbd577032e690f961d2460ee936",
                "sha256:a6c6e16b663be828a8f0b6c5027d36471d4a9f90d28444aa4ced4d48d7d6ae8f",
                "sha256:af0a583efaacc52ae2521f8d7910aff65cdb093091d76291ac5820d5e947fc1c",
                "sha256:af827b7cbb303e1befa6c4f94fd2bf72f108089cfa0f8abab8f4ca553cf5ca5a",
                "sha256:c4be718e51e86f553bcf515305a158a1cd180d23b72f07ae76d6017c3cc5d791",
                "sha256:cdb3c9f8fef0a954c632f64328a3935988d33a6604ce4bf67ec3e39670f12ae5",
                "sha256:d10fd186aac2316f9bbb46ef91977f9d394ded67050ad6d84d94ed6ea2e8e54e",
                "sha256:d1e97353dcc5587b85986cda4ff3ec98081d7e84dd95e8b2a6d59820f0545f8a",
                "sha256:d2a9d7f1c11487b1c69367ab3ac2d81b9b3721f097aa409a3191c3e90f8f3dd7",
                "sha256:de7f6748b890708578fc4b7bb967d810aeb6fcc9bff4bb77dbca77dab2f9df6a",
                "sha256:e5330fa0cc1f5c3c4c3bb8e101b742025933e7848989370a1d4c8c5e401ea753",
                "sha256:e999e2dcc094002d6e2c7bbc1fb85b58ba4f465a760a8014d97619330cdbbbf3",
                "sha256:eb76670874fdd6091eedcc856128ee48c41a9bbbb9c3f1c7c3cf169290e3ffd6",
                "sha256:f1c23e24a7000da892a312fb17e33c5f94f8b001de44b7cf8ba2e36fbd15859e",
                "sha256:f2ffc92b46ed6e6760f1d47a71e56b5664781bc68986dbd1836b2b70c0ce2071",
                "sha256:f4f72a85316d8e13234cafe0a9f81b40418ad7a082792fa4165bd7d45d96066b",
                "sha256:f59883c643cb19630500f57016f76cfdcd6845ca8c5b5ea1f6e17f74c8e5f511",
                "sha256:f6aaef16d65d1787280943f1c8718dc32e9cf141014e4634d64446702d26e0ff",
                "sha256:fe81055d8c6c9de76d60c94ddea73c290b416e061d40d542b24a5871bad498b7",
                "sha256:ff45e0cd8451e293b63ced93161e189780baf444119391b3e7d25315060368a6"
            ],
            "markers": "python_version >= '3.10'",
            "version": "==7.13.0"
        },
        "csp-report-collector": {
            "editable": true,
            "file": "."
        },
        "flake8": {
            "hashes": [
                "sha256:b9696257b9ce8beb888cdbe31cf885c90d31928fe202be0889a7cdafad32f01e",
                "sha256:fe044858146b9fc69b551a4b490d69cf960fcb78ad1edcb84e7fbb1b4a8e3872"
            ],
            "index": "pypi",
            "markers": "python_version >= '3.9'",
            "version": "==7.3.0"
        },
        "iniconfig": {
            "hashes": [
                "sha256:c76315c77db068650d49c5b56314774a7804df16fee4402c1f19d6d15d8c4730",
                "sha256:f631c04d2c48c52b84d0d0549c99ff3859c98df65b3101406327ecc7d53fbf12"
            ],
            "markers": "python_version >= '3.10'",
            "version": "==2.3.0"
        },
        "isort": {
            "hashes": [
                "sha256:1bcabac8bc3c36c7fb7b98a76c8abb18e0f841a3ba81decac7691008592499c1",
                "sha256:5513527951aadb3ac4292a41a16cbc50dd1642432f5e8c20057d414bdafb4187"
            ],
            "index": "pypi",
            "markers": "python_full_version >= '3.10.0'",
            "version": "==7.0.0"
        },
        "mccabe": {
            "hashes": [
                "sha256:348e0240c33b60bbdf4e523192ef919f28cb2c3d7d5c7794f74009290f236325",
                "sha256:6c2d30ab6be0e4a46919781807b4f0d834ebdd6c6e3dca0bda5a15f863427b6e"
            ],
            "markers": "python_version >= '3.6'",
            "version": "==0.7.0"
        },
        "mongomock": {
            "hashes": [
                "sha256:32667b79066fabc12d4f17f16a8fd7361b5f4435208b3ba32c226e52212a8c30",
                "sha256:5ef86bd12fc8806c6e7af32f21266c61b6c4ba96096f85129852d1c4fec1327e"
            ],
            "index": "pypi",
            "version": "==4.3.0"
        },
        "mypy-extensions": {
            "hashes": [
                "sha256:1be4cccdb0f2482337c4743e60421de3a356cd97508abadd57d47403e94f5505",
                "sha256:52e68efc3284861e772bbcd66823fde5ae21fd2fdb51c62a211403730b916558"
            ],
            "markers": "python_version >= '3.8'",
            "version": "==1.1.0"
        },
        "packaging": {
            "hashes": [
                "sha256:29572ef2b1f17581046b3a2227d5c611fb25ec70ca1ba8554b24b0e69331a484",
                "sha256:d443872c98d677bf60f6a1f2f8c1cb748e8fe762d2bf9d3148b5599295b0fc4f"
            ],
            "markers": "python_version >= '3.8'",
            "version": "==25.0"
        },
        "pathspec": {
            "hashes": [
                "sha256:a0d503e138a4c123b27490a4f7beda6a01c6f288df0e4a8b79c7eb0dc7b4cc08",
                "sha256:a482d51503a1ab33b1c67a6c3813a26953dbdc71c31dacaef9a838c4e29f5712"
            ],
            "markers": "python_version >= '3.8'",
            "version": "==0.12.1"
        },
        "platformdirs": {
            "hashes": [
                "sha256:61d5cdcc6065745cdd94f0f878977f8de9437be93de97c1c12f853c9c0cdcbda",
                "sha256:d03afa3963c806a9bed9d5125c8f4cb2fdaf74a55ab60e5d59b3fde758104d31"
            ],
            "markers": "python_version >= '3.10'",
            "version": "==4.5.1"
        },
        "pluggy": {
            "hashes": [
                "sha256:7dcc130b76258d33b90f61b658791dede3486c3e6bfb003ee5c9bfb396dd22f3",
                "sha256:e920276dd6813095e9377c0bc5566d94c932c33b27a3e3945d8389c374dd4746"
            ],
            "markers": "python_version >= '3.9'",
            "version": "==1.6.0"
        },
        "pycodestyle": {
            "hashes": [
                "sha256:c4b5b517d278089ff9d0abdec919cd97262a3367449ea1c8b49b91529167b783",
                "sha256:dd6bf7cb4ee77f8e016f9c8e74a35ddd9f67e1d5fd4184d86c3b98e07099f42d"
            ],
            "markers": "python_version >= '3.9'",
            "version": "==2.14.0"
        },
        "pyflakes": {
            "hashes": [
                "sha256:b24f96fafb7d2ab0ec5075b7350b3d2d2218eab42003821c06344973d3ea2f58",
                "sha256:f742a7dbd0d9cb9ea41e9a24a918996e8170c799fa528688d40dd582c8265f4f"
            ],
            "markers": "python_version >= '3.9'",
            "version": "==3.4.0"
        },
        "pygments": {
            "hashes": [
                "sha256:636cb2477cec7f8952536970bc533bc43743542f70392ae026374600add5b887",
                "sha256:86540386c03d588bb81d44bc3928634ff26449851e99741617ecb9037ee5ec0b"
            ],
            "markers": "python_version >= '3.8'",
            "version": "==2.19.2"
        },
        "pytest": {
            "hashes": [
                "sha256:711ffd45bf766d5264d487b917733b453d917afd2b0ad65223959f59089f875b",
                "sha256:75186651a92bd89611d1d9fc20f0b4345fd827c41ccd5c299a868a05d70edf11"
            ],
            "index": "pypi",
            "markers": "python_version >= '3.10'",
            "version": "==9.0.2"
        },
        "pytest-cov": {
            "hashes": [
                "sha256:33c97eda2e049a0c5298e91f519302a1334c26ac65c1a483d6206fd458361af1",
                "sha256:3b8e9558b16cc1479da72058bdecf8073661c7f57f7d3c5f22a1c23507f2d861"
            ],
            "index": "pypi",
            "markers": "python_version >= '3.9'",
            "version": "==7.0.0"
        },
        "pytest-dotenv": {
            "hashes": [
                "sha256:2dc6c3ac6d8764c71c6d2804e902d0ff810fa19692e95fe138aefc9b1aa73732",
                "sha256:40a2cece120a213898afaa5407673f6bd924b1fa7eafce6bda0e8abffe2f710f"
            ],
            "index": "pypi",
            "version": "==0.5.2"
        },
        "python-dotenv": {
            "hashes": [
                "sha256:42667e897e16ab0d66954af0e60a9caa94f0fd4ecf3aaf6d2d260eec1aa36ad6",
                "sha256:b81ee9561e9ca4004139c6cbba3a238c32b03e4894671e181b671e8cb8425d61"
            ],
            "markers": "python_version >= '3.9'",
            "version": "==1.2.1"
        },
        "pytokens": {
            "hashes": [
                "sha256:2f932b14ed08de5fcf0b391ace2642f858f1394c0857202959000b68ed7a458a",
                "sha256:95b2b5eaf832e469d141a378872480ede3f251a5a5041b8ec6e581d3ac71bbf3"
            ],
            "markers": "python_version >= '3.8'",
            "version": "==0.3.0"
        },
        "pytz": {
            "hashes": [
                "sha256:360b9e3dbb49a209c21ad61809c7fb453643e048b38924c765813546746e81c3",
                "sha256:5ddf76296dd8c44c26eb8f4b6f35488f3ccbf6fbbd7adee0b7262d43f0ec2f00"
            ],
            "version": "==2025.2"
        },
        "semver": {
            "hashes": [
                "sha256:9c824d87ba7f7ab4a1890799cec8596f15c1241cb473404ea1cb0c55e4b04746",
                "sha256:afc7d8c584a5ed0a11033af086e8af226a9c0b206f313e0301f8dd7b6b589602"
            ],
            "index": "pypi",
            "markers": "python_version >= '3.7'",
            "version": "==3.0.4"
        },
        "sentinels": {
            "hashes": [
                "sha256:3c2f64f754187c19e0a1a029b148b74cf58dd12ec27b4e19c0e5d6e22b5a9a86",
                "sha256:835d3b28f3b47f5284afa4bf2db6e00f2dc5f80f9923d4b7e7aeeeccf6146a11"
            ],
            "markers": "python_version >= '3.9'",
            "version": "==1.1.1"
        }
    }
}
